
Microsoft Visual Studio Solution File, Format Version 12.00
# Visual Studio Version 17
VisualStudioVersion = 17.12.35527.113
MinimumVisualStudioVersion = 10.0.40219.1
Project("{FAE04EC0-301F-11D3-BF4B-00C04F79EFBC}") = "TechChallenge.API", "TechChallenge.API\TechChallenge.API.csproj", "{D25ECE33-0191-40BE-A462-1DC14658601F}"
EndProject
Project("{FAE04EC0-301F-11D3-BF4B-00C04F79EFBC}") = "TechChallenge.Infra", "TechChallenge.Infra\TechChallenge.Infra.csproj", "{35CEB2D8-5A9A-4C8F-9487-ACDF58E27A4B}"
EndProject
Project("{FAE04EC0-301F-11D3-BF4B-00C04F79EFBC}") = "TechChallenge.Domain", "TechChallenge.Domain\TechChallenge.Domain.csproj", "{1CF09C42-6B80-4D44-89EF-C2DFB26ACB96}"
EndProject
Project("{FAE04EC0-301F-11D3-BF4B-00C04F79EFBC}") = "TechChallenge.Data", "TechChallenge.Data\TechChallenge.Data.csproj", "{650C81D7-F513-4A3F-9473-D9A4B6A5547F}"
EndProject
Project("{FAE04EC0-301F-11D3-BF4B-00C04F79EFBC}") = "TechChallenge.Test", "TechChallenge.Test\TechChallenge.Test.csproj", "{B2425F04-64E1-4F83-BD3A-9CC380044E25}"
EndProject
Project("{2150E333-8FDC-42A3-9474-1A3956D46DE8}") = "Queues", "Queues", "{02EA681E-C7D8-13C7-8484-4AC65E1B71E8}"
EndProject
Project("{FAE04EC0-301F-11D3-BF4B-00C04F79EFBC}") = "Queue.Insert", "Queue.Insert\Queue.Insert.csproj", "{330B95C1-C1F1-40A6-9CEF-0FF2CE9D06A5}"
EndProject
Global
	GlobalSection(SolutionConfigurationPlatforms) = preSolution
		Debug|Any CPU = Debug|Any CPU
		Release|Any CPU = Release|Any CPU
	EndGlobalSection
	GlobalSection(ProjectConfigurationPlatforms) = postSolution
		{D25ECE33-0191-40BE-A462-1DC14658601F}.Debug|Any CPU.ActiveCfg = Debug|Any CPU
		{D25ECE33-0191-40BE-A462-1DC14658601F}.Debug|Any CPU.Build.0 = Debug|Any CPU
		{D25ECE33-0191-40BE-A462-1DC14658601F}.Release|Any CPU.ActiveCfg = Release|Any CPU
		{D25ECE33-0191-40BE-A462-1DC14658601F}.Release|Any CPU.Build.0 = Release|Any CPU
		{35CEB2D8-5A9A-4C8F-9487-ACDF58E27A4B}.Debug|Any CPU.ActiveCfg = Debug|Any CPU
		{35CEB2D8-5A9A-4C8F-9487-ACDF58E27A4B}.Debug|Any CPU.Build.0 = Debug|Any CPU
		{35CEB2D8-5A9A-4C8F-9487-ACDF58E27A4B}.Release|Any CPU.ActiveCfg = Release|Any CPU
		{35CEB2D8-5A9A-4C8F-9487-ACDF58E27A4B}.Release|Any CPU.Build.0 = Release|Any CPU
		{1CF09C42-6B80-4D44-89EF-C2DFB26ACB96}.Debug|Any CPU.ActiveCfg = Debug|Any CPU
		{1CF09C42-6B80-4D44-89EF-C2DFB26ACB96}.Debug|Any CPU.Build.0 = Debug|Any CPU
		{1CF09C42-6B80-4D44-89EF-C2DFB26ACB96}.Release|Any CPU.ActiveCfg = Release|Any CPU
		{1CF09C42-6B80-4D44-89EF-C2DFB26ACB96}.Release|Any CPU.Build.0 = Release|Any CPU
		{650C81D7-F513-4A3F-9473-D9A4B6A5547F}.Debug|Any CPU.ActiveCfg = Debug|Any CPU
		{650C81D7-F513-4A3F-9473-D9A4B6A5547F}.Debug|Any CPU.Build.0 = Debug|Any CPU
		{650C81D7-F513-4A3F-9473-D9A4B6A5547F}.Release|Any CPU.ActiveCfg = Release|Any CPU
		{650C81D7-F513-4A3F-9473-D9A4B6A5547F}.Release|Any CPU.Build.0 = Release|Any CPU
		{B2425F04-64E1-4F83-BD3A-9CC380044E25}.Debug|Any CPU.ActiveCfg = Debug|Any CPU
		{B2425F04-64E1-4F83-BD3A-9CC380044E25}.Debug|Any CPU.Build.0 = Debug|Any CPU
		{B2425F04-64E1-4F83-BD3A-9CC380044E25}.Release|Any CPU.ActiveCfg = Release|Any CPU
		{B2425F04-64E1-4F83-BD3A-9CC380044E25}.Release|Any CPU.Build.0 = Release|Any CPU
		{330B95C1-C1F1-40A6-9CEF-0FF2CE9D06A5}.Debug|Any CPU.ActiveCfg = Debug|Any CPU
		{330B95C1-C1F1-40A6-9CEF-0FF2CE9D06A5}.Debug|Any CPU.Build.0 = Debug|Any CPU
		{330B95C1-C1F1-40A6-9CEF-0FF2CE9D06A5}.Release|Any CPU.ActiveCfg = Release|Any CPU
		{330B95C1-C1F1-40A6-9CEF-0FF2CE9D06A5}.Release|Any CPU.Build.0 = Release|Any CPU
	EndGlobalSection
	GlobalSection(SolutionProperties) = preSolution
		HideSolutionNode = FALSE
	EndGlobalSection
	GlobalSection(NestedProjects) = preSolution
		{330B95C1-C1F1-40A6-9CEF-0FF2CE9D06A5} = {02EA681E-C7D8-13C7-8484-4AC65E1B71E8}
	EndGlobalSection
	GlobalSection(ExtensibilityGlobals) = postSolution
		SolutionGuid = {FC7EA1AD-CCA2-45F3-9773-1BB6324BE4CB}
	EndGlobalSection
EndGlobal
